// !$*UTF8*$!
{
	archiveVersion = 1;
	classes = {
	};
	objectVersion = 50;
	objects = {

/* Begin PBXBuildFile section */
		BA03AC7525B0244900EDF1DF /* GZAlertApiConfig.m in Sources */ = {isa = PBXBuildFile; fileRef = BA03AC7425B0244900EDF1DF /* GZAlertApiConfig.m */; };
		BA47070625AC25900025FE88 /* GZAlertView.m in Sources */ = {isa = PBXBuildFile; fileRef = BA47070525AC258F0025FE88 /* GZAlertView.m */; };
		BA47070A25AC2DAE0025FE88 /* GZConfigUtils.m in Sources */ = {isa = PBXBuildFile; fileRef = BA47070925AC2DAE0025FE88 /* GZConfigUtils.m */; };
		BA47070F25AC37A30025FE88 /* UIView+GZFunction.m in Sources */ = {isa = PBXBuildFile; fileRef = BA47070E25AC37A30025FE88 /* UIView+GZFunction.m */; };
		BA6025BC25A46AAB00F2A254 /* AppDelegate.m in Sources */ = {isa = PBXBuildFile; fileRef = BA6025BB25A46AAB00F2A254 /* AppDelegate.m */; };
		BA6025C225A46AAB00F2A254 /* ViewController.m in Sources */ = {isa = PBXBuildFile; fileRef = BA6025C125A46AAB00F2A254 /* ViewController.m */; };
		BA6025C525A46AAB00F2A254 /* Main.storyboard in Resources */ = {isa = PBXBuildFile; fileRef = BA6025C325A46AAB00F2A254 /* Main.storyboard */; };
		BA6025C725A46AB000F2A254 /* Assets.xcassets in Resources */ = {isa = PBXBuildFile; fileRef = BA6025C625A46AB000F2A254 /* Assets.xcassets */; };
		BA6025CA25A46AB000F2A254 /* LaunchScreen.storyboard in Resources */ = {isa = PBXBuildFile; fileRef = BA6025C825A46AB000F2A254 /* LaunchScreen.storyboard */; };
		BA6025CD25A46AB000F2A254 /* main.m in Sources */ = {isa = PBXBuildFile; fileRef = BA6025CC25A46AB000F2A254 /* main.m */; };
		BA6025DB25A46ADA00F2A254 /* UIView+GZ.m in Sources */ = {isa = PBXBuildFile; fileRef = BA6025D825A46ADA00F2A254 /* UIView+GZ.m */; };
/* End PBXBuildFile section */

/* Begin PBXFileReference section */
		BA03AC7325B0244900EDF1DF /* GZAlertApiConfig.h */ = {isa = PBXFileReference; lastKnownFileType = sourcecode.c.h; path = GZAlertApiConfig.h; sourceTree = "<group>"; };
		BA03AC7425B0244900EDF1DF /* GZAlertApiConfig.m */ = {isa = PBXFileReference; lastKnownFileType = sourcecode.c.objc; path = GZAlertApiConfig.m; sourceTree = "<group>"; };
		BA03AC7925B029AD00EDF1DF /* GZUIKit.h */ = {isa = PBXFileReference; lastKnownFileType = sourcecode.c.h; path = GZUIKit.h; sourceTree = "<group>"; };
		BA47070425AC258F0025FE88 /* GZAlertView.h */ = {isa = PBXFileReference; lastKnownFileType = sourcecode.c.h; path = GZAlertView.h; sourceTree = "<group>"; };
		BA47070525AC258F0025FE88 /* GZAlertView.m */ = {isa = PBXFileReference; lastKnownFileType = sourcecode.c.objc; path = GZAlertView.m; sourceTree = "<group>"; };
		BA47070825AC2DAE0025FE88 /* GZConfigUtils.h */ = {isa = PBXFileReference; lastKnownFileType = sourcecode.c.h; path = GZConfigUtils.h; sourceTree = "<group>"; };
		BA47070925AC2DAE0025FE88 /* GZConfigUtils.m */ = {isa = PBXFileReference; lastKnownFileType = sourcecode.c.objc; path = GZConfigUtils.m; sourceTree = "<group>"; };
		BA47070D25AC37A30025FE88 /* UIView+GZFunction.h */ = {isa = PBXFileReference; lastKnownFileType = sourcecode.c.h; path = "UIView+GZFunction.h"; sourceTree = "<group>"; };
		BA47070E25AC37A30025FE88 /* UIView+GZFunction.m */ = {isa = PBXFileReference; lastKnownFileType = sourcecode.c.objc; path = "UIView+GZFunction.m"; sourceTree = "<group>"; };
		BA6025B725A46AAB00F2A254 /* GZUIKitDemo.app */ = {isa = PBXFileReference; explicitFileType = wrapper.application; includeInIndex = 0; path = GZUIKitDemo.app; sourceTree = BUILT_PRODUCTS_DIR; };
		BA6025BA25A46AAB00F2A254 /* AppDelegate.h */ = {isa = PBXFileReference; lastKnownFileType = sourcecode.c.h; path = AppDelegate.h; sourceTree = "<group>"; };
		BA6025BB25A46AAB00F2A254 /* AppDelegate.m */ = {isa = PBXFileReference; lastKnownFileType = sourcecode.c.objc; path = AppDelegate.m; sourceTree = "<group>"; };
		BA6025C025A46AAB00F2A254 /* ViewController.h */ = {isa = PBXFileReference; lastKnownFileType = sourcecode.c.h; path = ViewController.h; sourceTree = "<group>"; };
		BA6025C125A46AAB00F2A254 /* ViewController.m */ = {isa = PBXFileReference; lastKnownFileType = sourcecode.c.objc; path = ViewController.m; sourceTree = "<group>"; };
		BA6025C425A46AAB00F2A254 /* Base */ = {isa = PBXFileReference; lastKnownFileType = file.storyboard; name = Base; path = Base.lproj/Main.storyboard; sourceTree = "<group>"; };
		BA6025C625A46AB000F2A254 /* Assets.xcassets */ = {isa = PBXFileReference; lastKnownFileType = folder.assetcatalog; path = Assets.xcassets; sourceTree = "<group>"; };
		BA6025C925A46AB000F2A254 /* Base */ = {isa = PBXFileReference; lastKnownFileType = file.storyboard; name = Base; path = Base.lproj/LaunchScreen.storyboard; sourceTree = "<group>"; };
		BA6025CB25A46AB000F2A254 /* Info.plist */ = {isa = PBXFileReference; lastKnownFileType = text.plist.xml; path = Info.plist; sourceTree = "<group>"; };
		BA6025CC25A46AB000F2A254 /* main.m */ = {isa = PBXFileReference; lastKnownFileType = sourcecode.c.objc; path = main.m; sourceTree = "<group>"; };
		BA6025D725A46ADA00F2A254 /* GZLayoutManager.h */ = {isa = PBXFileReference; fileEncoding = 4; lastKnownFileType = sourcecode.c.h; path = GZLayoutManager.h; sourceTree = "<group>"; };
		BA6025D825A46ADA00F2A254 /* UIView+GZ.m */ = {isa = PBXFileReference; fileEncoding = 4; lastKnownFileType = sourcecode.c.objc; path = "UIView+GZ.m"; sourceTree = "<group>"; };
		BA6025D925A46ADA00F2A254 /* UIView+GZ.h */ = {isa = PBXFileReference; fileEncoding = 4; lastKnownFileType = sourcecode.c.h; path = "UIView+GZ.h"; sourceTree = "<group>"; };
		BA6025DA25A46ADA00F2A254 /* GZDefine.h */ = {isa = PBXFileReference; fileEncoding = 4; lastKnownFileType = sourcecode.c.h; path = GZDefine.h; sourceTree = "<group>"; };
/* End PBXFileReference section */

/* Begin PBXFrameworksBuildPhase section */
		BA6025B425A46AAB00F2A254 /* Frameworks */ = {
			isa = PBXFrameworksBuildPhase;
			buildActionMask = 2147483647;
			files = (
			);
			runOnlyForDeploymentPostprocessing = 0;
		};
/* End PBXFrameworksBuildPhase section */

/* Begin PBXGroup section */
		BA03AC7725B0298900EDF1DF /* GZFunction */ = {
			isa = PBXGroup;
			children = (
				BA47070825AC2DAE0025FE88 /* GZConfigUtils.h */,
				BA47070925AC2DAE0025FE88 /* GZConfigUtils.m */,
			);
			path = GZFunction;
			sourceTree = "<group>";
		};
		BA03AC7825B0299500EDF1DF /* GZHeader */ = {
			isa = PBXGroup;
			children = (
				BA6025DA25A46ADA00F2A254 /* GZDefine.h */,
			);
			path = GZHeader;
			sourceTree = "<group>";
		};
		BA47070225AC24D80025FE88 /* GZCustomView */ = {
			isa = PBXGroup;
			children = (
				BA47070325AC24E20025FE88 /* GZAlertView */,
			);
			path = GZCustomView;
			sourceTree = "<group>";
		};
		BA47070325AC24E20025FE88 /* GZAlertView */ = {
			isa = PBXGroup;
			children = (
				BA47070425AC258F0025FE88 /* GZAlertView.h */,
				BA47070525AC258F0025FE88 /* GZAlertView.m */,
				BA03AC7325B0244900EDF1DF /* GZAlertApiConfig.h */,
				BA03AC7425B0244900EDF1DF /* GZAlertApiConfig.m */,
			);
			path = GZAlertView;
			sourceTree = "<group>";
		};
		BA47070C25AC37890025FE88 /* GZCategory */ = {
			isa = PBXGroup;
			children = (
				BA47070D25AC37A30025FE88 /* UIView+GZFunction.h */,
				BA47070E25AC37A30025FE88 /* UIView+GZFunction.m */,
			);
			path = GZCategory;
			sourceTree = "<group>";
		};
		BA6025AE25A46AAB00F2A254 = {
			isa = PBXGroup;
			children = (
				BA6025B925A46AAB00F2A254 /* GZUIKitDemo */,
				BA6025B825A46AAB00F2A254 /* Products */,
			);
			sourceTree = "<group>";
		};
		BA6025B825A46AAB00F2A254 /* Products */ = {
			isa = PBXGroup;
			children = (
				BA6025B725A46AAB00F2A254 /* GZUIKitDemo.app */,
			);
			name = Products;
			sourceTree = "<group>";
		};
		BA6025B925A46AAB00F2A254 /* GZUIKitDemo */ = {
			isa = PBXGroup;
			children = (
				BA6025D525A46ADA00F2A254 /* GZUIKit */,
				BA6025BA25A46AAB00F2A254 /* AppDelegate.h */,
				BA6025BB25A46AAB00F2A254 /* AppDelegate.m */,
				BA6025C025A46AAB00F2A254 /* ViewController.h */,
				BA6025C125A46AAB00F2A254 /* ViewController.m */,
				BA6025C325A46AAB00F2A254 /* Main.storyboard */,
				BA6025C625A46AB000F2A254 /* Assets.xcassets */,
				BA6025C825A46AB000F2A254 /* LaunchScreen.storyboard */,
				BA6025CB25A46AB000F2A254 /* Info.plist */,
				BA6025CC25A46AB000F2A254 /* main.m */,
			);
			path = GZUIKitDemo;
			sourceTree = "<group>";
		};
		BA6025D525A46ADA00F2A254 /* GZUIKit */ = {
			isa = PBXGroup;
			children = (
				BA03AC7925B029AD00EDF1DF /* GZUIKit.h */,
				BA03AC7825B0299500EDF1DF /* GZHeader */,
				BA03AC7725B0298900EDF1DF /* GZFunction */,
				BA47070C25AC37890025FE88 /* GZCategory */,
				BA47070225AC24D80025FE88 /* GZCustomView */,
				BA6025D625A46ADA00F2A254 /* GZLayoutManager */,
			);
			path = GZUIKit;
			sourceTree = "<group>";
		};
		BA6025D625A46ADA00F2A254 /* GZLayoutManager */ = {
			isa = PBXGroup;
			children = (
				BA6025D725A46ADA00F2A254 /* GZLayoutManager.h */,
				BA6025D925A46ADA00F2A254 /* UIView+GZ.h */,
				BA6025D825A46ADA00F2A254 /* UIView+GZ.m */,
			);
			path = GZLayoutManager;
			sourceTree = "<group>";
		};
/* End PBXGroup section */

/* Begin PBXNativeTarget section */
		BA6025B625A46AAB00F2A254 /* GZUIKitDemo */ = {
			isa = PBXNativeTarget;
			buildConfigurationList = BA6025D025A46AB000F2A254 /* Build configuration list for PBXNativeTarget "GZUIKitDemo" */;
			buildPhases = (
				BA6025B325A46AAB00F2A254 /* Sources */,
				BA6025B425A46AAB00F2A254 /* Frameworks */,
				BA6025B525A46AAB00F2A254 /* Resources */,
			);
			buildRules = (
			);
			dependencies = (
			);
			name = GZUIKitDemo;
			productName = GZUIKitDemo;
			productReference = BA6025B725A46AAB00F2A254 /* GZUIKitDemo.app */;
			productType = "com.apple.product-type.application";
		};
/* End PBXNativeTarget section */

/* Begin PBXProject section */
		BA6025AF25A46AAB00F2A254 /* Project object */ = {
			isa = PBXProject;
			attributes = {
				LastUpgradeCheck = 1220;
				TargetAttributes = {
					BA6025B625A46AAB00F2A254 = {
						CreatedOnToolsVersion = 12.2;
					};
				};
			};
			buildConfigurationList = BA6025B225A46AAB00F2A254 /* Build configuration list for PBXProject "GZUIKitDemo" */;
			compatibilityVersion = "Xcode 9.3";
			developmentRegion = en;
			hasScannedForEncodings = 0;
			knownRegions = (
				en,
				Base,
			);
			mainGroup = BA6025AE25A46AAB00F2A254;
			productRefGroup = BA6025B825A46AAB00F2A254 /* Products */;
			projectDirPath = "";
			projectRoot = "";
			targets = (
				BA6025B625A46AAB00F2A254 /* GZUIKitDemo */,
			);
		};
/* End PBXProject section */

/* Begin PBXResourcesBuildPhase section */
		BA6025B525A46AAB00F2A254 /* Resources */ = {
			isa = PBXResourcesBuildPhase;
			buildActionMask = 2147483647;
			files = (
				BA6025CA25A46AB000F2A254 /* LaunchScreen.storyboard in Resources */,
				BA6025C725A46AB000F2A254 /* Assets.xcassets in Resources */,
				BA6025C525A46AAB00F2A254 /* Main.storyboard in Resources */,
			);
			runOnlyForDeploymentPostprocessing = 0;
		};
/* End PBXResourcesBuildPhase section */

/* Begin PBXSourcesBuildPhase section */
		BA6025B325A46AAB00F2A254 /* Sources */ = {
			isa = PBXSourcesBuildPhase;
			buildActionMask = 2147483647;
			files = (
				BA47070A25AC2DAE0025FE88 /* GZConfigUtils.m in Sources */,
				BA47070F25AC37A30025FE88 /* UIView+GZFunction.m in Sources */,
				BA6025C225A46AAB00F2A254 /* ViewController.m in Sources */,
				BA6025BC25A46AAB00F2A254 /* AppDelegate.m in Sources */,
				BA6025CD25A46AB000F2A254 /* main.m in Sources */,
				BA47070625AC25900025FE88 /* GZAlertView.m in Sources */,
				BA03AC7525B0244900EDF1DF /* GZAlertApiConfig.m in Sources */,
				BA6025DB25A46ADA00F2A254 /* UIView+GZ.m in Sources */,
			);
			runOnlyForDeploymentPostprocessing = 0;
		};
/* End PBXSourcesBuildPhase section */

/* Begin PBXVariantGroup section */
		BA6025C325A46AAB00F2A254 /* Main.storyboard */ = {
			isa = PBXVariantGroup;
			children = (
				BA6025C425A46AAB00F2A254 /* Base */,
			);
			name = Main.storyboard;
			sourceTree = "<group>";
		};
		BA6025C825A46AB000F2A254 /* LaunchScreen.storyboard */ = {
			isa = PBXVariantGroup;
			children = (
				BA6025C925A46AB000F2A254 /* Base */,
			);
			name = LaunchScreen.storyboard;
			sourceTree = "<group>";
		};
/* End PBXVariantGroup section */

/* Begin XCBuildConfiguration section */
		BA6025CE25A46AB000F2A254 /* Debug */ = {
			isa = XCBuildConfiguration;
			buildSettings = {
				ALWAYS_SEARCH_USER_PATHS = NO;
				CLANG_ANALYZER_NONNULL = YES;
				CLANG_ANALYZER_NUMBER_OBJECT_CONVERSION = YES_AGGRESSIVE;
				CLANG_CXX_LANGUAGE_STANDARD = "gnu++14";
				CLANG_CXX_LIBRARY = "libc++";
				CLANG_ENABLE_MODULES = YES;
				CLANG_ENABLE_OBJC_ARC = YES;
				CLANG_ENABLE_OBJC_WEAK = YES;
				CLANG_WARN_BLOCK_CAPTURE_AUTORELEASING = YES;
				CLANG_WARN_BOOL_CONVERSION = YES;
				CLANG_WARN_COMMA = YES;
				CLANG_WARN_CONSTANT_CONVERSION = YES;
				CLANG_WARN_DEPRECATED_OBJC_IMPLEMENTATIONS = YES;
				CLANG_WARN_DIRECT_OBJC_ISA_USAGE = YES_ERROR;
				CLANG_WARN_DOCUMENTATION_COMMENTS = YES;
				CLANG_WARN_EMPTY_BODY = YES;
				CLANG_WARN_ENUM_CONVERSION = YES;
				CLANG_WARN_INFINITE_RECURSION = YES;
				CLANG_WARN_INT_CONVERSION = YES;
				CLANG_WARN_NON_LITERAL_NULL_CONVERSION = YES;
				CLANG_WARN_OBJC_IMPLICIT_RETAIN_SELF = YES;
				CLANG_WARN_OBJC_LITERAL_CONVERSION = YES;
				CLANG_WARN_OBJC_ROOT_CLASS = YES_ERROR;
				CLANG_WARN_QUOTED_INCLUDE_IN_FRAMEWORK_HEADER = YES;
				CLANG_WARN_RANGE_LOOP_ANALYSIS = YES;
				CLANG_WARN_STRICT_PROTOTYPES = YES;
				CLANG_WARN_SUSPICIOUS_MOVE = YES;
				CLANG_WARN_UNGUARDED_AVAILABILITY = YES_AGGRESSIVE;
				CLANG_WARN_UNREACHABLE_CODE = YES;
				CLANG_WARN__DUPLICATE_METHOD_MATCH = YES;
				COPY_PHASE_STRIP = NO;
				DEBUG_INFORMATION_FORMAT = dwarf;
				ENABLE_STRICT_OBJC_MSGSEND = YES;
				ENABLE_TESTABILITY = YES;
				GCC_C_LANGUAGE_STANDARD = gnu11;
				GCC_DYNAMIC_NO_PIC = NO;
				GCC_NO_COMMON_BLOCKS = YES;
				GCC_OPTIMIZATION_LEVEL = 0;
				GCC_PREPROCESSOR_DEFINITIONS = (
					"DEBUG=1",
					"$(inherited)",
				);
				GCC_WARN_64_TO_32_BIT_CONVERSION = YES;
				GCC_WARN_ABOUT_RETURN_TYPE = YES_ERROR;
				GCC_WARN_UNDECLARED_SELECTOR = YES;
				GCC_WARN_UNINITIALIZED_AUTOS = YES_AGGRESSIVE;
				GCC_WARN_UNUSED_FUNCTION = YES;
				GCC_WARN_UNUSED_VARIABLE = YES;
				IPHONEOS_DEPLOYMENT_TARGET = 14.2;
				MTL_ENABLE_DEBUG_INFO = INCLUDE_SOURCE;
				MTL_FAST_MATH = YES;
				ONLY_ACTIVE_ARCH = YES;
				SDKROOT = iphoneos;
			};
			name = Debug;
		};
		BA6025CF25A46AB000F2A254 /* Release */ = {
			isa = XCBuildConfiguration;
			buildSettings = {
				ALWAYS_SEARCH_USER_PATHS = NO;
				CLANG_ANALYZER_NONNULL = YES;
				CLANG_ANALYZER_NUMBER_OBJECT_CONVERSION = YES_AGGRESSIVE;
				CLANG_CXX_LANGUAGE_STANDARD = "gnu++14";
				CLANG_CXX_LIBRARY = "libc++";
				CLANG_ENABLE_MODULES = YES;
				CLANG_ENABLE_OBJC_ARC = YES;
				CLANG_ENABLE_OBJC_WEAK = YES;
				CLANG_WARN_BLOCK_CAPTURE_AUTORELEASING = YES;
				CLANG_WARN_BOOL_CONVERSION = YES;
				CLANG_WARN_COMMA = YES;
				CLANG_WARN_CONSTANT_CONVERSION = YES;
				CLANG_WARN_DEPRECATED_OBJC_IMPLEMENTATIONS = YES;
				CLANG_WARN_DIRECT_OBJC_ISA_USAGE = YES_ERROR;
				CLANG_WARN_DOCUMENTATION_COMMENTS = YES;
				CLANG_WARN_EMPTY_BODY = YES;
				CLANG_WARN_ENUM_CONVERSION = YES;
				CLANG_WARN_INFINITE_RECURSION = YES;
				CLANG_WARN_INT_CONVERSION = YES;
				CLANG_WARN_NON_LITERAL_NULL_CONVERSION = YES;
				CLANG_WARN_OBJC_IMPLICIT_RETAIN_SELF = YES;
				CLANG_WARN_OBJC_LITERAL_CONVERSION = YES;
				CLANG_WARN_OBJC_ROOT_CLASS = YES_ERROR;
				CLANG_WARN_QUOTED_INCLUDE_IN_FRAMEWORK_HEADER = YES;
				CLANG_WARN_RANGE_LOOP_ANALYSIS = YES;
				CLANG_WARN_STRICT_PROTOTYPES = YES;
				CLANG_WARN_SUSPICIOUS_MOVE = YES;
				CLANG_WARN_UNGUARDED_AVAILABILITY = YES_AGGRESSIVE;
				CLANG_WARN_UNREACHABLE_CODE = YES;
				CLANG_WARN__DUPLICATE_METHOD_MATCH = YES;
				COPY_PHASE_STRIP = NO;
				DEBUG_INFORMATION_FORMAT = "dwarf-with-dsym";
				ENABLE_NS_ASSERTIONS = NO;
				ENABLE_STRICT_OBJC_MSGSEND = YES;
				GCC_C_LANGUAGE_STANDARD = gnu11;
				GCC_NO_COMMON_BLOCKS = YES;
				GCC_WARN_64_TO_32_BIT_CONVERSION = YES;
				GCC_WARN_ABOUT_RETURN_TYPE = YES_ERROR;
				GCC_WARN_UNDECLARED_SELECTOR = YES;
				GCC_WARN_UNINITIALIZED_AUTOS = YES_AGGRESSIVE;
				GCC_WARN_UNUSED_FUNCTION = YES;
				GCC_WARN_UNUSED_VARIABLE = YES;
				IPHONEOS_DEPLOYMENT_TARGET = 14.2;
				MTL_ENABLE_DEBUG_INFO = NO;
				MTL_FAST_MATH = YES;
				SDKROOT = iphoneos;
				VALIDATE_PRODUCT = YES;
			};
			name = Release;
		};
		BA6025D125A46AB000F2A254 /* Debug */ = {
			isa = XCBuildConfiguration;
			buildSettings = {
				ASSETCATALOG_COMPILER_APPICON_NAME = AppIcon;
				ASSETCATALOG_COMPILER_GLOBAL_ACCENT_COLOR_NAME = AccentColor;
				CODE_SIGN_STYLE = Automatic;
				DEVELOPMENT_TEAM = XK67NLSGSP;
				INFOPLIST_FILE = GZUIKitDemo/Info.plist;
				LD_RUNPATH_SEARCH_PATHS = (
					"$(inherited)",
					"@executable_path/Frameworks",
				);
				MARKETING_VERSION = 1.1.5;
				PRODUCT_BUNDLE_IDENTIFIER = BZDGuanZi.GZUIKitDemo;
				PRODUCT_NAME = "$(TARGET_NAME)";
				TARGETED_DEVICE_FAMILY = "1,2";
			};
			name = Debug;
		};
		BA6025D225A46AB000F2A254 /* Release */ = {
			isa = XCBuildConfiguration;
			buildSettings = {
				ASSETCATALOG_COMPILER_APPICON_NAME = AppIcon;
				ASSETCATALOG_COMPILER_GLOBAL_ACCENT_COLOR_NAME = AccentColor;
				CODE_SIGN_STYLE = Automatic;
				DEVELOPMENT_TEAM = XK67NLSGSP;
				INFOPLIST_FILE = GZUIKitDemo/Info.plist;
				LD_RUNPATH_SEARCH_PATHS = (
					"$(inherited)",
					"@executable_path/Frameworks",
				);
				MARKETING_VERSION = 1.1.5;
				PRODUCT_BUNDLE_IDENTIFIER = BZDGuanZi.GZUIKitDemo;
				PRODUCT_NAME = "$(TARGET_NAME)";
				TARGETED_DEVICE_FAMILY = "1,2";
			};
			name = Release;
		};
/* End XCBuildConfiguration section */

/* Begin XCConfigurationList section */
		BA6025B225A46AAB00F2A254 /* Build configuration list for PBXProject "GZUIKitDemo" */ = {
			isa = XCConfigurationList;
			buildConfigurations = (
				BA6025CE25A46AB000F2A254 /* Debug */,
				BA6025CF25A46AB000F2A254 /* Release */,
			);
			defaultConfigurationIsVisible = 0;
			defaultConfigurationName = Release;
		};
		BA6025D025A46AB000F2A254 /* Build configuration list for PBXNativeTarget "GZUIKitDemo" */ = {
			isa = XCConfigurationList;
			buildConfigurations = (
				BA6025D125A46AB000F2A254 /* Debug */,
				BA6025D225A46AB000F2A254 /* Release */,
			);
			defaultConfigurationIsVisible = 0;
			defaultConfigurationName = Release;
		};
/* End XCConfigurationList section */
	};
	rootObject = BA6025AF25A46AAB00F2A254 /* Project object */;
}
